// !$*UTF8*$!
{
	archiveVersion = 1;
	classes = {
	};
	objectVersion = 51;
	objects = {

/* Begin PBXBuildFile section */
		49989C012CF094C01C359418 /* Pods_FIT5140Ass3.framework in Frameworks */ = {isa = PBXBuildFile; fileRef = 6BF3A64F931AE8289B1EFCC0 /* Pods_FIT5140Ass3.framework */; };
		860B0F6A254E57FE00D427C1 /* SceneDelegate.swift in Sources */ = {isa = PBXBuildFile; fileRef = 860B0F69254E57FE00D427C1 /* SceneDelegate.swift */; };
		860B0F6F254E57FE00D427C1 /* Main.storyboard in Resources */ = {isa = PBXBuildFile; fileRef = 860B0F6D254E57FE00D427C1 /* Main.storyboard */; };
		860B0F72254E57FE00D427C1 /* FIT5140Ass3.xcdatamodeld in Sources */ = {isa = PBXBuildFile; fileRef = 860B0F70254E57FE00D427C1 /* FIT5140Ass3.xcdatamodeld */; };
		860B0F74254E580000D427C1 /* Assets.xcassets in Resources */ = {isa = PBXBuildFile; fileRef = 860B0F73254E580000D427C1 /* Assets.xcassets */; };
		860B0F77254E580000D427C1 /* LaunchScreen.storyboard in Resources */ = {isa = PBXBuildFile; fileRef = 860B0F75254E580000D427C1 /* LaunchScreen.storyboard */; };
		868CA13D255014DC0053E1B4 /* MovieDetailViewController.swift in Sources */ = {isa = PBXBuildFile; fileRef = 868CA13C255014DC0053E1B4 /* MovieDetailViewController.swift */; };
		868CA14025501B9A0053E1B4 /* MyFavouriteViewController.swift in Sources */ = {isa = PBXBuildFile; fileRef = 868CA13F25501B9A0053E1B4 /* MyFavouriteViewController.swift */; };
		868CA14325501EEA0053E1B4 /* CinemaTableViewController.swift in Sources */ = {isa = PBXBuildFile; fileRef = 868CA14225501EEA0053E1B4 /* CinemaTableViewController.swift */; };
		868CA1472550204C0053E1B4 /* MovieSearchTableViewController.swift in Sources */ = {isa = PBXBuildFile; fileRef = 868CA1462550204C0053E1B4 /* MovieSearchTableViewController.swift */; };
		868CA14A2550228B0053E1B4 /* HomeViewController.swift in Sources */ = {isa = PBXBuildFile; fileRef = 868CA1492550228B0053E1B4 /* HomeViewController.swift */; };
		868CA14D255022FD0053E1B4 /* CinemaDetailViewController.swift in Sources */ = {isa = PBXBuildFile; fileRef = 868CA14C255022FD0053E1B4 /* CinemaDetailViewController.swift */; };
		868CA150255024990053E1B4 /* MapViewController.swift in Sources */ = {isa = PBXBuildFile; fileRef = 868CA14F255024990053E1B4 /* MapViewController.swift */; };
		86982CF1256509DA00F5792E /* MyFavouriteCollectionViewCell.swift in Sources */ = {isa = PBXBuildFile; fileRef = 86982CF0256509DA00F5792E /* MyFavouriteCollectionViewCell.swift */; };
		86982D1B2565467500F5792E /* MyFavouriteDetailViewController.swift in Sources */ = {isa = PBXBuildFile; fileRef = 86982D1A2565467500F5792E /* MyFavouriteDetailViewController.swift */; };
		86F776D925536561008E63FC /* AddressVolumeData.swift in Sources */ = {isa = PBXBuildFile; fileRef = 86F776D825536561008E63FC /* AddressVolumeData.swift */; };
		86F776DC255365BC008E63FC /* GeometryData.swift in Sources */ = {isa = PBXBuildFile; fileRef = 86F776DB255365BC008E63FC /* GeometryData.swift */; };
		86F776E02553663E008E63FC /* locationData.swift in Sources */ = {isa = PBXBuildFile; fileRef = 86F776DF2553663E008E63FC /* locationData.swift */; };
		86F776E32553670D008E63FC /* LatLongData.swift in Sources */ = {isa = PBXBuildFile; fileRef = 86F776E22553670D008E63FC /* LatLongData.swift */; };
		86F87448255A004D000BF9E7 /* DirectionVolumeData.swift in Sources */ = {isa = PBXBuildFile; fileRef = 86F87447255A004D000BF9E7 /* DirectionVolumeData.swift */; };
		86F8744B255A0082000BF9E7 /* RouteData.swift in Sources */ = {isa = PBXBuildFile; fileRef = 86F8744A255A0082000BF9E7 /* RouteData.swift */; };
		A40434B12562C4A900DD6CEA /* Movie.swift in Sources */ = {isa = PBXBuildFile; fileRef = A40434B02562C4A900DD6CEA /* Movie.swift */; };
		A40CAA87255D2FFC0015A57C /* MovieTableViewCell.swift in Sources */ = {isa = PBXBuildFile; fileRef = A40CAA86255D2FFC0015A57C /* MovieTableViewCell.swift */; };
		A422C655256576CE007B8391 /* HomepageViewController.swift in Sources */ = {isa = PBXBuildFile; fileRef = A422C654256576CE007B8391 /* HomepageViewController.swift */; };
		A426551F255301610074B50D /* DataCollectionViewCell.swift in Sources */ = {isa = PBXBuildFile; fileRef = A426551E255301610074B50D /* DataCollectionViewCell.swift */; };
		A4265521255309E70074B50D /* FilmTableViewCell.swift in Sources */ = {isa = PBXBuildFile; fileRef = A4265520255309E70074B50D /* FilmTableViewCell.swift */; };
		A42655232553110C0074B50D /* Film.swift in Sources */ = {isa = PBXBuildFile; fileRef = A42655222553110C0074B50D /* Film.swift */; };
		A47C2734255D84130040A98E /* VideoData.swift in Sources */ = {isa = PBXBuildFile; fileRef = A47C2733255D84130040A98E /* VideoData.swift */; };
		A47C2736255D854E0040A98E /* VedioVolumeData.swift in Sources */ = {isa = PBXBuildFile; fileRef = A47C2735255D854E0040A98E /* VedioVolumeData.swift */; };
		A492A61B2552885A00530DAD /* utilities.swift in Sources */ = {isa = PBXBuildFile; fileRef = A492A61A2552885A00530DAD /* utilities.swift */; };
		A4ABBFDA255174A600F3EE71 /* GoogleService-Info.plist in Resources */ = {isa = PBXBuildFile; fileRef = A4ABBFD9255174A600F3EE71 /* GoogleService-Info.plist */; };
		A4ABBFE1255176E000F3EE71 /* FirebaseController.swift in Sources */ = {isa = PBXBuildFile; fileRef = A4ABBFE0255176E000F3EE71 /* FirebaseController.swift */; };
		A4ABBFE32551770400F3EE71 /* DatabaseProtocol.swift in Sources */ = {isa = PBXBuildFile; fileRef = A4ABBFE22551770400F3EE71 /* DatabaseProtocol.swift */; };
		A4ABBFE52551772D00F3EE71 /* Cinema.swift in Sources */ = {isa = PBXBuildFile; fileRef = A4ABBFE42551772D00F3EE71 /* Cinema.swift */; };
		A4ABBFE72551777300F3EE71 /* MulticastDelegate.swift in Sources */ = {isa = PBXBuildFile; fileRef = A4ABBFE62551777300F3EE71 /* MulticastDelegate.swift */; };
		A4ABBFE9255178EC00F3EE71 /* SearchCinemasTableViewController.swift in Sources */ = {isa = PBXBuildFile; fileRef = A4ABBFE8255178EB00F3EE71 /* SearchCinemasTableViewController.swift */; };
		A4ABBFEB255179FD00F3EE71 /* CinemaData.swift in Sources */ = {isa = PBXBuildFile; fileRef = A4ABBFEA255179FD00F3EE71 /* CinemaData.swift */; };
		A4ABBFED25517A1A00F3EE71 /* VolumeData.swift in Sources */ = {isa = PBXBuildFile; fileRef = A4ABBFEC25517A1A00F3EE71 /* VolumeData.swift */; };
		A4ABBFEF25517BF600F3EE71 /* AddCinemaDelegate.swift in Sources */ = {isa = PBXBuildFile; fileRef = A4ABBFEE25517BF600F3EE71 /* AddCinemaDelegate.swift */; };
		A4ABBFF125517C2200F3EE71 /* AppDelegate.swift in Sources */ = {isa = PBXBuildFile; fileRef = A4ABBFF025517C2200F3EE71 /* AppDelegate.swift */; };
		A4C9DEE9255B91B70009971D /* FilmData.swift in Sources */ = {isa = PBXBuildFile; fileRef = A4C9DEE8255B91B70009971D /* FilmData.swift */; };
		A4C9DEEB255BBF9D0009971D /* SearchFilterViewController.swift in Sources */ = {isa = PBXBuildFile; fileRef = A4C9DEEA255BBF9D0009971D /* SearchFilterViewController.swift */; };
/* End PBXBuildFile section */

/* Begin PBXFileReference section */
		6BF3A64F931AE8289B1EFCC0 /* Pods_FIT5140Ass3.framework */ = {isa = PBXFileReference; explicitFileType = wrapper.framework; includeInIndex = 0; path = Pods_FIT5140Ass3.framework; sourceTree = BUILT_PRODUCTS_DIR; };
		860B0F64254E57FE00D427C1 /* FIT5140Ass3.app */ = {isa = PBXFileReference; explicitFileType = wrapper.application; includeInIndex = 0; path = FIT5140Ass3.app; sourceTree = BUILT_PRODUCTS_DIR; };
		860B0F69254E57FE00D427C1 /* SceneDelegate.swift */ = {isa = PBXFileReference; lastKnownFileType = sourcecode.swift; path = SceneDelegate.swift; sourceTree = "<group>"; };
		860B0F6E254E57FE00D427C1 /* Base */ = {isa = PBXFileReference; lastKnownFileType = file.storyboard; name = Base; path = Base.lproj/Main.storyboard; sourceTree = "<group>"; };
		860B0F71254E57FE00D427C1 /* FIT5140Ass3.xcdatamodel */ = {isa = PBXFileReference; lastKnownFileType = wrapper.xcdatamodel; path = FIT5140Ass3.xcdatamodel; sourceTree = "<group>"; };
		860B0F73254E580000D427C1 /* Assets.xcassets */ = {isa = PBXFileReference; lastKnownFileType = folder.assetcatalog; path = Assets.xcassets; sourceTree = "<group>"; };
		860B0F76254E580000D427C1 /* Base */ = {isa = PBXFileReference; lastKnownFileType = file.storyboard; name = Base; path = Base.lproj/LaunchScreen.storyboard; sourceTree = "<group>"; };
		860B0F78254E580000D427C1 /* Info.plist */ = {isa = PBXFileReference; lastKnownFileType = text.plist.xml; path = Info.plist; sourceTree = "<group>"; };
		868CA13C255014DC0053E1B4 /* MovieDetailViewController.swift */ = {isa = PBXFileReference; lastKnownFileType = sourcecode.swift; path = MovieDetailViewController.swift; sourceTree = "<group>"; };
		868CA13F25501B9A0053E1B4 /* MyFavouriteViewController.swift */ = {isa = PBXFileReference; lastKnownFileType = sourcecode.swift; path = MyFavouriteViewController.swift; sourceTree = "<group>"; };
		868CA14225501EEA0053E1B4 /* CinemaTableViewController.swift */ = {isa = PBXFileReference; lastKnownFileType = sourcecode.swift; path = CinemaTableViewController.swift; sourceTree = "<group>"; };
		868CA1462550204C0053E1B4 /* MovieSearchTableViewController.swift */ = {isa = PBXFileReference; lastKnownFileType = sourcecode.swift; path = MovieSearchTableViewController.swift; sourceTree = "<group>"; };
		868CA1492550228B0053E1B4 /* HomeViewController.swift */ = {isa = PBXFileReference; lastKnownFileType = sourcecode.swift; path = HomeViewController.swift; sourceTree = "<group>"; };
		868CA14C255022FD0053E1B4 /* CinemaDetailViewController.swift */ = {isa = PBXFileReference; lastKnownFileType = sourcecode.swift; path = CinemaDetailViewController.swift; sourceTree = "<group>"; };
		868CA14F255024990053E1B4 /* MapViewController.swift */ = {isa = PBXFileReference; lastKnownFileType = sourcecode.swift; path = MapViewController.swift; sourceTree = "<group>"; };
		86982CF0256509DA00F5792E /* MyFavouriteCollectionViewCell.swift */ = {isa = PBXFileReference; lastKnownFileType = sourcecode.swift; path = MyFavouriteCollectionViewCell.swift; sourceTree = "<group>"; };
		86982D1A2565467500F5792E /* MyFavouriteDetailViewController.swift */ = {isa = PBXFileReference; lastKnownFileType = sourcecode.swift; path = MyFavouriteDetailViewController.swift; sourceTree = "<group>"; };
		86F776D825536561008E63FC /* AddressVolumeData.swift */ = {isa = PBXFileReference; lastKnownFileType = sourcecode.swift; path = AddressVolumeData.swift; sourceTree = "<group>"; };
		86F776DB255365BC008E63FC /* GeometryData.swift */ = {isa = PBXFileReference; lastKnownFileType = sourcecode.swift; path = GeometryData.swift; sourceTree = "<group>"; };
		86F776DF2553663E008E63FC /* locationData.swift */ = {isa = PBXFileReference; lastKnownFileType = sourcecode.swift; path = locationData.swift; sourceTree = "<group>"; };
		86F776E22553670D008E63FC /* LatLongData.swift */ = {isa = PBXFileReference; lastKnownFileType = sourcecode.swift; path = LatLongData.swift; sourceTree = "<group>"; };
		86F87447255A004D000BF9E7 /* DirectionVolumeData.swift */ = {isa = PBXFileReference; lastKnownFileType = sourcecode.swift; path = DirectionVolumeData.swift; sourceTree = "<group>"; };
		86F8744A255A0082000BF9E7 /* RouteData.swift */ = {isa = PBXFileReference; lastKnownFileType = sourcecode.swift; path = RouteData.swift; sourceTree = "<group>"; };
		89ED3F0E4566F02F7F378884 /* Pods-FIT5140Ass3.release.xcconfig */ = {isa = PBXFileReference; includeInIndex = 1; lastKnownFileType = text.xcconfig; name = "Pods-FIT5140Ass3.release.xcconfig"; path = "Target Support Files/Pods-FIT5140Ass3/Pods-FIT5140Ass3.release.xcconfig"; sourceTree = "<group>"; };
		A40434B02562C4A900DD6CEA /* Movie.swift */ = {isa = PBXFileReference; lastKnownFileType = sourcecode.swift; path = Movie.swift; sourceTree = "<group>"; };
		A40CAA86255D2FFC0015A57C /* MovieTableViewCell.swift */ = {isa = PBXFileReference; lastKnownFileType = sourcecode.swift; path = MovieTableViewCell.swift; sourceTree = "<group>"; };
		A422C654256576CE007B8391 /* HomepageViewController.swift */ = {isa = PBXFileReference; lastKnownFileType = sourcecode.swift; path = HomepageViewController.swift; sourceTree = "<group>"; };
		A426551E255301610074B50D /* DataCollectionViewCell.swift */ = {isa = PBXFileReference; lastKnownFileType = sourcecode.swift; path = DataCollectionViewCell.swift; sourceTree = "<group>"; };
		A4265520255309E70074B50D /* FilmTableViewCell.swift */ = {isa = PBXFileReference; lastKnownFileType = sourcecode.swift; path = FilmTableViewCell.swift; sourceTree = "<group>"; };
		A42655222553110C0074B50D /* Film.swift */ = {isa = PBXFileReference; lastKnownFileType = sourcecode.swift; path = Film.swift; sourceTree = "<group>"; };
		A47C2733255D84130040A98E /* VideoData.swift */ = {isa = PBXFileReference; lastKnownFileType = sourcecode.swift; path = VideoData.swift; sourceTree = "<group>"; };
		A47C2735255D854E0040A98E /* VedioVolumeData.swift */ = {isa = PBXFileReference; lastKnownFileType = sourcecode.swift; path = VedioVolumeData.swift; sourceTree = "<group>"; };
		A492A61A2552885A00530DAD /* utilities.swift */ = {isa = PBXFileReference; lastKnownFileType = sourcecode.swift; path = utilities.swift; sourceTree = "<group>"; };
		A4ABBFD9255174A600F3EE71 /* GoogleService-Info.plist */ = {isa = PBXFileReference; fileEncoding = 4; lastKnownFileType = text.plist.xml; path = "GoogleService-Info.plist"; sourceTree = "<group>"; };
		A4ABBFE0255176E000F3EE71 /* FirebaseController.swift */ = {isa = PBXFileReference; lastKnownFileType = sourcecode.swift; path = FirebaseController.swift; sourceTree = "<group>"; };
		A4ABBFE22551770400F3EE71 /* DatabaseProtocol.swift */ = {isa = PBXFileReference; lastKnownFileType = sourcecode.swift; path = DatabaseProtocol.swift; sourceTree = "<group>"; };
		A4ABBFE42551772D00F3EE71 /* Cinema.swift */ = {isa = PBXFileReference; lastKnownFileType = sourcecode.swift; path = Cinema.swift; sourceTree = "<group>"; };
		A4ABBFE62551777300F3EE71 /* MulticastDelegate.swift */ = {isa = PBXFileReference; lastKnownFileType = sourcecode.swift; path = MulticastDelegate.swift; sourceTree = "<group>"; };
		A4ABBFE8255178EB00F3EE71 /* SearchCinemasTableViewController.swift */ = {isa = PBXFileReference; lastKnownFileType = sourcecode.swift; path = SearchCinemasTableViewController.swift; sourceTree = "<group>"; };
		A4ABBFEA255179FD00F3EE71 /* CinemaData.swift */ = {isa = PBXFileReference; lastKnownFileType = sourcecode.swift; path = CinemaData.swift; sourceTree = "<group>"; };
		A4ABBFEC25517A1A00F3EE71 /* VolumeData.swift */ = {isa = PBXFileReference; lastKnownFileType = sourcecode.swift; path = VolumeData.swift; sourceTree = "<group>"; };
		A4ABBFEE25517BF600F3EE71 /* AddCinemaDelegate.swift */ = {isa = PBXFileReference; lastKnownFileType = sourcecode.swift; path = AddCinemaDelegate.swift; sourceTree = "<group>"; };
		A4ABBFF025517C2200F3EE71 /* AppDelegate.swift */ = {isa = PBXFileReference; fileEncoding = 4; lastKnownFileType = sourcecode.swift; path = AppDelegate.swift; sourceTree = "<group>"; };
		A4C9DEE8255B91B70009971D /* FilmData.swift */ = {isa = PBXFileReference; lastKnownFileType = sourcecode.swift; path = FilmData.swift; sourceTree = "<group>"; };
		A4C9DEEA255BBF9D0009971D /* SearchFilterViewController.swift */ = {isa = PBXFileReference; lastKnownFileType = sourcecode.swift; path = SearchFilterViewController.swift; sourceTree = "<group>"; };
		BA397B1C1C362FAB1CD193F5 /* Pods-FIT5140Ass3.debug.xcconfig */ = {isa = PBXFileReference; includeInIndex = 1; lastKnownFileType = text.xcconfig; name = "Pods-FIT5140Ass3.debug.xcconfig"; path = "Target Support Files/Pods-FIT5140Ass3/Pods-FIT5140Ass3.debug.xcconfig"; sourceTree = "<group>"; };
/* End PBXFileReference section */

/* Begin PBXFrameworksBuildPhase section */
		860B0F61254E57FE00D427C1 /* Frameworks */ = {
			isa = PBXFrameworksBuildPhase;
			buildActionMask = 2147483647;
			files = (
				49989C012CF094C01C359418 /* Pods_FIT5140Ass3.framework in Frameworks */,
			);
			runOnlyForDeploymentPostprocessing = 0;
		};
/* End PBXFrameworksBuildPhase section */

/* Begin PBXGroup section */
		32705233A1339CF74B997ACC /* Pods */ = {
			isa = PBXGroup;
			children = (
				BA397B1C1C362FAB1CD193F5 /* Pods-FIT5140Ass3.debug.xcconfig */,
				89ED3F0E4566F02F7F378884 /* Pods-FIT5140Ass3.release.xcconfig */,
			);
			path = Pods;
			sourceTree = "<group>";
		};
		860B0F5B254E57FE00D427C1 = {
			isa = PBXGroup;
			children = (
				860B0F66254E57FE00D427C1 /* FIT5140Ass3 */,
				860B0F65254E57FE00D427C1 /* Products */,
				32705233A1339CF74B997ACC /* Pods */,
				98E63A58472F0BC83CEB47AA /* Frameworks */,
			);
			sourceTree = "<group>";
		};
		860B0F65254E57FE00D427C1 /* Products */ = {
			isa = PBXGroup;
			children = (
				860B0F64254E57FE00D427C1 /* FIT5140Ass3.app */,
			);
			name = Products;
			sourceTree = "<group>";
		};
		860B0F66254E57FE00D427C1 /* FIT5140Ass3 */ = {
			isa = PBXGroup;
			children = (
				A4C9DEEC255BC89B0009971D /* Utilities */,
				A4ABBFDF2551764100F3EE71 /* View */,
				A4ABBFDE255175D100F3EE71 /* Controller */,
				A4ABBFDD255175C300F3EE71 /* Delegate */,
				A4ABBFDC255174FB00F3EE71 /* DataModel */,
				A4ABBFDB255174ED00F3EE71 /* Database */,
				860B0F73254E580000D427C1 /* Assets.xcassets */,
				860B0F78254E580000D427C1 /* Info.plist */,
				A4ABBFD9255174A600F3EE71 /* GoogleService-Info.plist */,
				860B0F70254E57FE00D427C1 /* FIT5140Ass3.xcdatamodeld */,
			);
			path = FIT5140Ass3;
			sourceTree = "<group>";
		};
		98E63A58472F0BC83CEB47AA /* Frameworks */ = {
			isa = PBXGroup;
			children = (
				6BF3A64F931AE8289B1EFCC0 /* Pods_FIT5140Ass3.framework */,
			);
			name = Frameworks;
			sourceTree = "<group>";
		};
		A4ABBFDB255174ED00F3EE71 /* Database */ = {
			isa = PBXGroup;
			children = (
				A4ABBFE0255176E000F3EE71 /* FirebaseController.swift */,
				A4ABBFE22551770400F3EE71 /* DatabaseProtocol.swift */,
				A4ABBFE42551772D00F3EE71 /* Cinema.swift */,
				A42655222553110C0074B50D /* Film.swift */,
				A40434B02562C4A900DD6CEA /* Movie.swift */,
			);
			path = Database;
			sourceTree = "<group>";
		};
		A4ABBFDC255174FB00F3EE71 /* DataModel */ = {
			isa = PBXGroup;
			children = (
				A4ABBFEA255179FD00F3EE71 /* CinemaData.swift */,
				A4ABBFEC25517A1A00F3EE71 /* VolumeData.swift */,
				86F776D825536561008E63FC /* AddressVolumeData.swift */,
				86F776DB255365BC008E63FC /* GeometryData.swift */,
				86F776DF2553663E008E63FC /* locationData.swift */,
				86F776E22553670D008E63FC /* LatLongData.swift */,
				86F87447255A004D000BF9E7 /* DirectionVolumeData.swift */,
				86F8744A255A0082000BF9E7 /* RouteData.swift */,
				A4C9DEE8255B91B70009971D /* FilmData.swift */,
				A47C2733255D84130040A98E /* VideoData.swift */,
				A47C2735255D854E0040A98E /* VedioVolumeData.swift */,
			);
			path = DataModel;
			sourceTree = "<group>";
		};
		A4ABBFDD255175C300F3EE71 /* Delegate */ = {
			isa = PBXGroup;
			children = (
				A4ABBFF025517C2200F3EE71 /* AppDelegate.swift */,
				A4ABBFE62551777300F3EE71 /* MulticastDelegate.swift */,
				860B0F69254E57FE00D427C1 /* SceneDelegate.swift */,
				A4ABBFEE25517BF600F3EE71 /* AddCinemaDelegate.swift */,
			);
			path = Delegate;
			sourceTree = "<group>";
		};
		A4ABBFDE255175D100F3EE71 /* Controller */ = {
			isa = PBXGroup;
			children = (
				868CA13C255014DC0053E1B4 /* MovieDetailViewController.swift */,
				868CA13F25501B9A0053E1B4 /* MyFavouriteViewController.swift */,
				868CA14225501EEA0053E1B4 /* CinemaTableViewController.swift */,
				868CA1462550204C0053E1B4 /* MovieSearchTableViewController.swift */,
				868CA1492550228B0053E1B4 /* HomeViewController.swift */,
				868CA14F255024990053E1B4 /* MapViewController.swift */,
				868CA14C255022FD0053E1B4 /* CinemaDetailViewController.swift */,
				A4ABBFE8255178EB00F3EE71 /* SearchCinemasTableViewController.swift */,
				A426551E255301610074B50D /* DataCollectionViewCell.swift */,
				A4265520255309E70074B50D /* FilmTableViewCell.swift */,
				A4C9DEEA255BBF9D0009971D /* SearchFilterViewController.swift */,
				A40CAA86255D2FFC0015A57C /* MovieTableViewCell.swift */,
				86982CF0256509DA00F5792E /* MyFavouriteCollectionViewCell.swift */,
				86982D1A2565467500F5792E /* MyFavouriteDetailViewController.swift */,
				A422C654256576CE007B8391 /* HomepageViewController.swift */,
			);
			path = Controller;
			sourceTree = "<group>";
		};
		A4ABBFDF2551764100F3EE71 /* View */ = {
			isa = PBXGroup;
			children = (
				860B0F6D254E57FE00D427C1 /* Main.storyboard */,
				860B0F75254E580000D427C1 /* LaunchScreen.storyboard */,
			);
			path = View;
			sourceTree = "<group>";
		};
		A4C9DEEC255BC89B0009971D /* Utilities */ = {
			isa = PBXGroup;
			children = (
				A492A61A2552885A00530DAD /* utilities.swift */,
			);
			path = Utilities;
			sourceTree = "<group>";
		};
/* End PBXGroup section */

/* Begin PBXNativeTarget section */
		860B0F63254E57FE00D427C1 /* FIT5140Ass3 */ = {
			isa = PBXNativeTarget;
			buildConfigurationList = 860B0F7B254E580000D427C1 /* Build configuration list for PBXNativeTarget "FIT5140Ass3" */;
			buildPhases = (
				413587CC5F106B9EB8059A5D /* [CP] Check Pods Manifest.lock */,
				860B0F60254E57FE00D427C1 /* Sources */,
				860B0F61254E57FE00D427C1 /* Frameworks */,
				860B0F62254E57FE00D427C1 /* Resources */,
				696019E18E5AFD7BBDC95149 /* [CP] Embed Pods Frameworks */,
				76AAC2FD79FAC61FB0705F96 /* [CP] Copy Pods Resources */,
			);
			buildRules = (
			);
			dependencies = (
			);
			name = FIT5140Ass3;
			productName = FIT5140Ass3;
			productReference = 860B0F64254E57FE00D427C1 /* FIT5140Ass3.app */;
			productType = "com.apple.product-type.application";
		};
/* End PBXNativeTarget section */

/* Begin PBXProject section */
		860B0F5C254E57FE00D427C1 /* Project object */ = {
			isa = PBXProject;
			attributes = {
				KnownAssetTags = (
					New,
				);
				LastSwiftUpdateCheck = 1210;
				LastUpgradeCheck = 1210;
				TargetAttributes = {
					860B0F63254E57FE00D427C1 = {
						CreatedOnToolsVersion = 12.1;
					};
				};
			};
			buildConfigurationList = 860B0F5F254E57FE00D427C1 /* Build configuration list for PBXProject "FIT5140Ass3" */;
			compatibilityVersion = "Xcode 9.3";
			developmentRegion = en;
			hasScannedForEncodings = 0;
			knownRegions = (
				en,
				Base,
			);
			mainGroup = 860B0F5B254E57FE00D427C1;
			productRefGroup = 860B0F65254E57FE00D427C1 /* Products */;
			projectDirPath = "";
			projectRoot = "";
			targets = (
				860B0F63254E57FE00D427C1 /* FIT5140Ass3 */,
			);
		};
/* End PBXProject section */

/* Begin PBXResourcesBuildPhase section */
		860B0F62254E57FE00D427C1 /* Resources */ = {
			isa = PBXResourcesBuildPhase;
			buildActionMask = 2147483647;
			files = (
				860B0F77254E580000D427C1 /* LaunchScreen.storyboard in Resources */,
				A4ABBFDA255174A600F3EE71 /* GoogleService-Info.plist in Resources */,
				860B0F74254E580000D427C1 /* Assets.xcassets in Resources */,
				860B0F6F254E57FE00D427C1 /* Main.storyboard in Resources */,
			);
			runOnlyForDeploymentPostprocessing = 0;
		};
/* End PBXResourcesBuildPhase section */

/* Begin PBXShellScriptBuildPhase section */
		413587CC5F106B9EB8059A5D /* [CP] Check Pods Manifest.lock */ = {
			isa = PBXShellScriptBuildPhase;
			buildActionMask = 2147483647;
			files = (
			);
			inputFileListPaths = (
			);
			inputPaths = (
				"${PODS_PODFILE_DIR_PATH}/Podfile.lock",
				"${PODS_ROOT}/Manifest.lock",
			);
			name = "[CP] Check Pods Manifest.lock";
			outputFileListPaths = (
			);
			outputPaths = (
				"$(DERIVED_FILE_DIR)/Pods-FIT5140Ass3-checkManifestLockResult.txt",
			);
			runOnlyForDeploymentPostprocessing = 0;
			shellPath = /bin/sh;
			shellScript = "diff \"${PODS_PODFILE_DIR_PATH}/Podfile.lock\" \"${PODS_ROOT}/Manifest.lock\" > /dev/null\nif [ $? != 0 ] ; then\n    # print error to STDERR\n    echo \"error: The sandbox is not in sync with the Podfile.lock. Run 'pod install' or update your CocoaPods installation.\" >&2\n    exit 1\nfi\n# This output is used by Xcode 'outputs' to avoid re-running this script phase.\necho \"SUCCESS\" > \"${SCRIPT_OUTPUT_FILE_0}\"\n";
			showEnvVarsInLog = 0;
		};
		696019E18E5AFD7BBDC95149 /* [CP] Embed Pods Frameworks */ = {
			isa = PBXShellScriptBuildPhase;
			buildActionMask = 2147483647;
			files = (
			);
			inputFileListPaths = (
				"${PODS_ROOT}/Target Support Files/Pods-FIT5140Ass3/Pods-FIT5140Ass3-frameworks-${CONFIGURATION}-input-files.xcfilelist",
			);
			name = "[CP] Embed Pods Frameworks";
			outputFileListPaths = (
				"${PODS_ROOT}/Target Support Files/Pods-FIT5140Ass3/Pods-FIT5140Ass3-frameworks-${CONFIGURATION}-output-files.xcfilelist",
			);
			runOnlyForDeploymentPostprocessing = 0;
			shellPath = /bin/sh;
			shellScript = "\"${PODS_ROOT}/Target Support Files/Pods-FIT5140Ass3/Pods-FIT5140Ass3-frameworks.sh\"\n";
			showEnvVarsInLog = 0;
		};
		76AAC2FD79FAC61FB0705F96 /* [CP] Copy Pods Resources */ = {
			isa = PBXShellScriptBuildPhase;
			buildActionMask = 2147483647;
			files = (
			);
			inputFileListPaths = (
				"${PODS_ROOT}/Target Support Files/Pods-FIT5140Ass3/Pods-FIT5140Ass3-resources-${CONFIGURATION}-input-files.xcfilelist",
			);
			name = "[CP] Copy Pods Resources";
			outputFileListPaths = (
				"${PODS_ROOT}/Target Support Files/Pods-FIT5140Ass3/Pods-FIT5140Ass3-resources-${CONFIGURATION}-output-files.xcfilelist",
			);
			runOnlyForDeploymentPostprocessing = 0;
			shellPath = /bin/sh;
			shellScript = "\"${PODS_ROOT}/Target Support Files/Pods-FIT5140Ass3/Pods-FIT5140Ass3-resources.sh\"\n";
			showEnvVarsInLog = 0;
		};
/* End PBXShellScriptBuildPhase section */

/* Begin PBXSourcesBuildPhase section */
		860B0F60254E57FE00D427C1 /* Sources */ = {
			isa = PBXSourcesBuildPhase;
			buildActionMask = 2147483647;
			files = (
				A4ABBFE52551772D00F3EE71 /* Cinema.swift in Sources */,
				A4ABBFEF25517BF600F3EE71 /* AddCinemaDelegate.swift in Sources */,
				A4C9DEEB255BBF9D0009971D /* SearchFilterViewController.swift in Sources */,
				A47C2736255D854E0040A98E /* VedioVolumeData.swift in Sources */,
				A4ABBFF125517C2200F3EE71 /* AppDelegate.swift in Sources */,
				A42655232553110C0074B50D /* Film.swift in Sources */,
				A4265521255309E70074B50D /* FilmTableViewCell.swift in Sources */,
				A4C9DEE9255B91B70009971D /* FilmData.swift in Sources */,
				86982CF1256509DA00F5792E /* MyFavouriteCollectionViewCell.swift in Sources */,
				A4ABBFED25517A1A00F3EE71 /* VolumeData.swift in Sources */,
				86F776E02553663E008E63FC /* locationData.swift in Sources */,
				A4ABBFE32551770400F3EE71 /* DatabaseProtocol.swift in Sources */,
				A4ABBFE72551777300F3EE71 /* MulticastDelegate.swift in Sources */,
				A47C2734255D84130040A98E /* VideoData.swift in Sources */,
				A492A61B2552885A00530DAD /* utilities.swift in Sources */,
				A40434B12562C4A900DD6CEA /* Movie.swift in Sources */,
				A4ABBFE1255176E000F3EE71 /* FirebaseController.swift in Sources */,
				86F87448255A004D000BF9E7 /* DirectionVolumeData.swift in Sources */,
				868CA150255024990053E1B4 /* MapViewController.swift in Sources */,
				868CA14D255022FD0053E1B4 /* CinemaDetailViewController.swift in Sources */,
				868CA14025501B9A0053E1B4 /* MyFavouriteViewController.swift in Sources */,
				A422C655256576CE007B8391 /* HomepageViewController.swift in Sources */,
				860B0F6A254E57FE00D427C1 /* SceneDelegate.swift in Sources */,
				868CA1472550204C0053E1B4 /* MovieSearchTableViewController.swift in Sources */,
				868CA14A2550228B0053E1B4 /* HomeViewController.swift in Sources */,
				86982D1B2565467500F5792E /* MyFavouriteDetailViewController.swift in Sources */,
				868CA13D255014DC0053E1B4 /* MovieDetailViewController.swift in Sources */,
				A40CAA87255D2FFC0015A57C /* MovieTableViewCell.swift in Sources */,
				86F776D925536561008E63FC /* AddressVolumeData.swift in Sources */,
				86F776E32553670D008E63FC /* LatLongData.swift in Sources */,
				868CA14325501EEA0053E1B4 /* CinemaTableViewController.swift in Sources */,
				A4ABBFEB255179FD00F3EE71 /* CinemaData.swift in Sources */,
				A4ABBFE9255178EC00F3EE71 /* SearchCinemasTableViewController.swift in Sources */,
				86F8744B255A0082000BF9E7 /* RouteData.swift in Sources */,
				A426551F255301610074B50D /* DataCollectionViewCell.swift in Sources */,
				860B0F72254E57FE00D427C1 /* FIT5140Ass3.xcdatamodeld in Sources */,
				86F776DC255365BC008E63FC /* GeometryData.swift in Sources */,
			);
			runOnlyForDeploymentPostprocessing = 0;
		};
/* End PBXSourcesBuildPhase section */

/* Begin PBXVariantGroup section */
		860B0F6D254E57FE00D427C1 /* Main.storyboard */ = {
			isa = PBXVariantGroup;
			children = (
				860B0F6E254E57FE00D427C1 /* Base */,
			);
			name = Main.storyboard;
			sourceTree = "<group>";
		};
		860B0F75254E580000D427C1 /* LaunchScreen.storyboard */ = {
			isa = PBXVariantGroup;
			children = (
				860B0F76254E580000D427C1 /* Base */,
			);
			name = LaunchScreen.storyboard;
			sourceTree = "<group>";
		};
/* End PBXVariantGroup section */

/* Begin XCBuildConfiguration section */
		860B0F79254E580000D427C1 /* Debug */ = {
			isa = XCBuildConfiguration;
			buildSettings = {
				ALWAYS_SEARCH_USER_PATHS = NO;
				CLANG_ANALYZER_NONNULL = YES;
				CLANG_ANALYZER_NUMBER_OBJECT_CONVERSION = YES_AGGRESSIVE;
				CLANG_CXX_LANGUAGE_STANDARD = "gnu++14";
				CLANG_CXX_LIBRARY = "libc++";
				CLANG_ENABLE_MODULES = YES;
				CLANG_ENABLE_OBJC_ARC = YES;
				CLANG_ENABLE_OBJC_WEAK = YES;
				CLANG_WARN_BLOCK_CAPTURE_AUTORELEASING = YES;
				CLANG_WARN_BOOL_CONVERSION = YES;
				CLANG_WARN_COMMA = YES;
				CLANG_WARN_CONSTANT_CONVERSION = YES;
				CLANG_WARN_DEPRECATED_OBJC_IMPLEMENTATIONS = YES;
				CLANG_WARN_DIRECT_OBJC_ISA_USAGE = YES_ERROR;
				CLANG_WARN_DOCUMENTATION_COMMENTS = YES;
				CLANG_WARN_EMPTY_BODY = YES;
				CLANG_WARN_ENUM_CONVERSION = YES;
				CLANG_WARN_INFINITE_RECURSION = YES;
				CLANG_WARN_INT_CONVERSION = YES;
				CLANG_WARN_NON_LITERAL_NULL_CONVERSION = YES;
				CLANG_WARN_OBJC_IMPLICIT_RETAIN_SELF = YES;
				CLANG_WARN_OBJC_LITERAL_CONVERSION = YES;
				CLANG_WARN_OBJC_ROOT_CLASS = YES_ERROR;
				CLANG_WARN_QUOTED_INCLUDE_IN_FRAMEWORK_HEADER = YES;
				CLANG_WARN_RANGE_LOOP_ANALYSIS = YES;
				CLANG_WARN_STRICT_PROTOTYPES = YES;
				CLANG_WARN_SUSPICIOUS_MOVE = YES;
				CLANG_WARN_UNGUARDED_AVAILABILITY = YES_AGGRESSIVE;
				CLANG_WARN_UNREACHABLE_CODE = YES;
				CLANG_WARN__DUPLICATE_METHOD_MATCH = YES;
				COPY_PHASE_STRIP = NO;
				DEBUG_INFORMATION_FORMAT = dwarf;
				ENABLE_STRICT_OBJC_MSGSEND = YES;
				ENABLE_TESTABILITY = YES;
				GCC_C_LANGUAGE_STANDARD = gnu11;
				GCC_DYNAMIC_NO_PIC = NO;
				GCC_NO_COMMON_BLOCKS = YES;
				GCC_OPTIMIZATION_LEVEL = 0;
				GCC_PREPROCESSOR_DEFINITIONS = (
					"DEBUG=1",
					"$(inherited)",
				);
				GCC_WARN_64_TO_32_BIT_CONVERSION = YES;
				GCC_WARN_ABOUT_RETURN_TYPE = YES_ERROR;
				GCC_WARN_UNDECLARED_SELECTOR = YES;
				GCC_WARN_UNINITIALIZED_AUTOS = YES_AGGRESSIVE;
				GCC_WARN_UNUSED_FUNCTION = YES;
				GCC_WARN_UNUSED_VARIABLE = YES;
				IPHONEOS_DEPLOYMENT_TARGET = 14.1;
				MTL_ENABLE_DEBUG_INFO = INCLUDE_SOURCE;
				MTL_FAST_MATH = YES;
				ONLY_ACTIVE_ARCH = YES;
				SDKROOT = iphoneos;
				SWIFT_ACTIVE_COMPILATION_CONDITIONS = DEBUG;
				SWIFT_OPTIMIZATION_LEVEL = "-Onone";
			};
			name = Debug;
		};
		860B0F7A254E580000D427C1 /* Release */ = {
			isa = XCBuildConfiguration;
			buildSettings = {
				ALWAYS_SEARCH_USER_PATHS = NO;
				CLANG_ANALYZER_NONNULL = YES;
				CLANG_ANALYZER_NUMBER_OBJECT_CONVERSION = YES_AGGRESSIVE;
				CLANG_CXX_LANGUAGE_STANDARD = "gnu++14";
				CLANG_CXX_LIBRARY = "libc++";
				CLANG_ENABLE_MODULES = YES;
				CLANG_ENABLE_OBJC_ARC = YES;
				CLANG_ENABLE_OBJC_WEAK = YES;
				CLANG_WARN_BLOCK_CAPTURE_AUTORELEASING = YES;
				CLANG_WARN_BOOL_CONVERSION = YES;
				CLANG_WARN_COMMA = YES;
				CLANG_WARN_CONSTANT_CONVERSION = YES;
				CLANG_WARN_DEPRECATED_OBJC_IMPLEMENTATIONS = YES;
				CLANG_WARN_DIRECT_OBJC_ISA_USAGE = YES_ERROR;
				CLANG_WARN_DOCUMENTATION_COMMENTS = YES;
				CLANG_WARN_EMPTY_BODY = YES;
				CLANG_WARN_ENUM_CONVERSION = YES;
				CLANG_WARN_INFINITE_RECURSION = YES;
				CLANG_WARN_INT_CONVERSION = YES;
				CLANG_WARN_NON_LITERAL_NULL_CONVERSION = YES;
				CLANG_WARN_OBJC_IMPLICIT_RETAIN_SELF = YES;
				CLANG_WARN_OBJC_LITERAL_CONVERSION = YES;
				CLANG_WARN_OBJC_ROOT_CLASS = YES_ERROR;
				CLANG_WARN_QUOTED_INCLUDE_IN_FRAMEWORK_HEADER = YES;
				CLANG_WARN_RANGE_LOOP_ANALYSIS = YES;
				CLANG_WARN_STRICT_PROTOTYPES = YES;
				CLANG_WARN_SUSPICIOUS_MOVE = YES;
				CLANG_WARN_UNGUARDED_AVAILABILITY = YES_AGGRESSIVE;
				CLANG_WARN_UNREACHABLE_CODE = YES;
				CLANG_WARN__DUPLICATE_METHOD_MATCH = YES;
				COPY_PHASE_STRIP = NO;
				DEBUG_INFORMATION_FORMAT = "dwarf-with-dsym";
				ENABLE_NS_ASSERTIONS = NO;
				ENABLE_STRICT_OBJC_MSGSEND = YES;
				GCC_C_LANGUAGE_STANDARD = gnu11;
				GCC_NO_COMMON_BLOCKS = YES;
				GCC_WARN_64_TO_32_BIT_CONVERSION = YES;
				GCC_WARN_ABOUT_RETURN_TYPE = YES_ERROR;
				GCC_WARN_UNDECLARED_SELECTOR = YES;
				GCC_WARN_UNINITIALIZED_AUTOS = YES_AGGRESSIVE;
				GCC_WARN_UNUSED_FUNCTION = YES;
				GCC_WARN_UNUSED_VARIABLE = YES;
				IPHONEOS_DEPLOYMENT_TARGET = 14.1;
				MTL_ENABLE_DEBUG_INFO = NO;
				MTL_FAST_MATH = YES;
				SDKROOT = iphoneos;
				SWIFT_COMPILATION_MODE = wholemodule;
				SWIFT_OPTIMIZATION_LEVEL = "-O";
				VALIDATE_PRODUCT = YES;
			};
			name = Release;
		};
		860B0F7C254E580000D427C1 /* Debug */ = {
			isa = XCBuildConfiguration;
			baseConfigurationReference = BA397B1C1C362FAB1CD193F5 /* Pods-FIT5140Ass3.debug.xcconfig */;
			buildSettings = {
				ASSETCATALOG_COMPILER_APPICON_NAME = AppIcon;
				ASSETCATALOG_COMPILER_GLOBAL_ACCENT_COLOR_NAME = AccentColor;
				CODE_SIGN_STYLE = Automatic;
				INFOPLIST_FILE = FIT5140Ass3/Info.plist;
				IPHONEOS_DEPLOYMENT_TARGET = 13.7;
				LD_RUNPATH_SEARCH_PATHS = (
					"$(inherited)",
					"@executable_path/Frameworks",
				);
				PRODUCT_BUNDLE_IDENTIFIER = edu.monash.FIT5140Ass3;
				PRODUCT_NAME = "$(TARGET_NAME)";
				SWIFT_VERSION = 5.0;
				TARGETED_DEVICE_FAMILY = "1,2";
			};
			name = Debug;
		};
		860B0F7D254E580000D427C1 /* Release */ = {
			isa = XCBuildConfiguration;
			baseConfigurationReference = 89ED3F0E4566F02F7F378884 /* Pods-FIT5140Ass3.release.xcconfig */;
			buildSettings = {
				ASSETCATALOG_COMPILER_APPICON_NAME = AppIcon;
				ASSETCATALOG_COMPILER_GLOBAL_ACCENT_COLOR_NAME = AccentColor;
				CODE_SIGN_STYLE = Automatic;
				INFOPLIST_FILE = FIT5140Ass3/Info.plist;
				IPHONEOS_DEPLOYMENT_TARGET = 13.7;
				LD_RUNPATH_SEARCH_PATHS = (
					"$(inherited)",
					"@executable_path/Frameworks",
				);
				PRODUCT_BUNDLE_IDENTIFIER = edu.monash.FIT5140Ass3;
				PRODUCT_NAME = "$(TARGET_NAME)";
				SWIFT_VERSION = 5.0;
				TARGETED_DEVICE_FAMILY = "1,2";
			};
			name = Release;
		};
/* End XCBuildConfiguration section */

/* Begin XCConfigurationList section */
		860B0F5F254E57FE00D427C1 /* Build configuration list for PBXProject "FIT5140Ass3" */ = {
			isa = XCConfigurationList;
			buildConfigurations = (
				860B0F79254E580000D427C1 /* Debug */,
				860B0F7A254E580000D427C1 /* Release */,
			);
			defaultConfigurationIsVisible = 0;
			defaultConfigurationName = Release;
		};
		860B0F7B254E580000D427C1 /* Build configuration list for PBXNativeTarget "FIT5140Ass3" */ = {
			isa = XCConfigurationList;
			buildConfigurations = (
				860B0F7C254E580000D427C1 /* Debug */,
				860B0F7D254E580000D427C1 /* Release */,
			);
			defaultConfigurationIsVisible = 0;
			defaultConfigurationName = Release;
		};
/* End XCConfigurationList section */

/* Begin XCVersionGroup section */
		860B0F70254E57FE00D427C1 /* FIT5140Ass3.xcdatamodeld */ = {
			isa = XCVersionGroup;
			children = (
				860B0F71254E57FE00D427C1 /* FIT5140Ass3.xcdatamodel */,
			);
			currentVersion = 860B0F71254E57FE00D427C1 /* FIT5140Ass3.xcdatamodel */;
			path = FIT5140Ass3.xcdatamodeld;
			sourceTree = "<group>";
			versionGroupType = wrapper.xcdatamodel;
		};
/* End XCVersionGroup section */
	};
	rootObject = 860B0F5C254E57FE00D427C1 /* Project object */;
}
